lockfileVersion: '9.0'

settings:
  autoInstallPeers: true
  excludeLinksFromLockfile: false

importers:

  .:
    dependencies:
      dexie:
        specifier: ^4.4.5
        version: 4.4.5
      uuid:
        specifier: ^14.0.2
        version: 14.0.2

packages:

  dexie@4.4.5:
    resolution: {integrity: sha512-wWCHdihT3dmlUSuNhn5mMZDWSpG0suxjAni7YjjiZdzabZcKmy3uNZGZ7AeYYXBoLbpSXX35fikPLkPC44Osiw==}

  uuid@14.0.2:
    resolution: {integrity: sha512-xZe/16rV4aa+HGSOCiY2YeLT1OybRLrrkL/Rqaq7p7GMVXjFh+6wN4oMYgjFmnSnhY8t6Xpdl2l9qmnHYuMHwQ==}
    hasBin: true

snapshots:

  dexie@4.4.5: {}

  uuid@14.0.2: {}
