lockfileVersion: '9.0'

settings:
  autoInstallPeers: true
  excludeLinksFromLockfile: false

importers:

  .:
    dependencies:
      dexie:
        specifier: ^4.4.6
        version: 4.4.6
      dexie-react-hooks:
        specifier: ^4.4.0
        version: 4.4.0(dexie@4.4.6)(react@19.2.8)

packages:

  dexie-react-hooks@4.4.0:
    resolution: {integrity: sha512-ObLXBS5+4BJU8vtSvBx6b9fY6zZYgniAtwxzjCHsUQadgbqYN6935X2/1TWw4Rf2N1aZV1io5/ziox4vKuxABA==}
    peerDependencies:
      dexie: '>=4.2.0-alpha.1 <5.0.0'
      react: '>=16'

  dexie@4.4.6:
    resolution: {integrity: sha512-hJP/BO6mjB+tX6hToIO1kmxYLNmun90wYbfcoAoLpKEyDYal/k33dg0TAfoUe2TDsbbLoVIzljJ3BN2UbR5EOg==}

  react@19.2.8:
    resolution: {integrity: sha512-PWaYA1L/q9u2u7xYQi+Y3L3Yfnie7XyLeaJICV1MGD6LprsBxcAqGjYyr0eY3p+QdsA+x/Irkt4Qif8D63+Sbw==}
    engines: {node: '>=0.10.0'}

snapshots:

  dexie-react-hooks@4.4.0(dexie@4.4.6)(react@19.2.8):
    dependencies:
      dexie: 4.4.6
      react: 19.2.8

  dexie@4.4.6: {}

  react@19.2.8: {}
